// !$*UTF8*$!
{
	archiveVersion = 1;
	classes = {
	};
	objectVersion = 55;
	objects = {

/* Begin PBXBuildFile section */
		1FC93B6827AF2118003A1404 /* AppDelegate.swift in Sources */ = {isa = PBXBuildFile; fileRef = 1FC93B6727AF2118003A1404 /* AppDelegate.swift */; };
		1FC93B6A27AF2118003A1404 /* SceneDelegate.swift in Sources */ = {isa = PBXBuildFile; fileRef = 1FC93B6927AF2118003A1404 /* SceneDelegate.swift */; };
		1FC93B6C27AF2118003A1404 /* ViewController.swift in Sources */ = {isa = PBXBuildFile; fileRef = 1FC93B6B27AF2118003A1404 /* ViewController.swift */; };
		1FC93B6F27AF2118003A1404 /* Main.storyboard in Resources */ = {isa = PBXBuildFile; fileRef = 1FC93B6D27AF2118003A1404 /* Main.storyboard */; };
		1FC93B7227AF2118003A1404 /* ThirdWayvChallenge.xcdatamodeld in Sources */ = {isa = PBXBuildFile; fileRef = 1FC93B7027AF2118003A1404 /* ThirdWayvChallenge.xcdatamodeld */; };
		1FC93B7427AF211A003A1404 /* Assets.xcassets in Resources */ = {isa = PBXBuildFile; fileRef = 1FC93B7327AF211A003A1404 /* Assets.xcassets */; };
		1FC93B7727AF211A003A1404 /* LaunchScreen.storyboard in Resources */ = {isa = PBXBuildFile; fileRef = 1FC93B7527AF211A003A1404 /* LaunchScreen.storyboard */; };
/* End PBXBuildFile section */

/* Begin PBXFileReference section */
		1FC93B6427AF2118003A1404 /* ThirdWayvChallenge.app */ = {isa = PBXFileReference; explicitFileType = wrapper.application; includeInIndex = 0; path = ThirdWayvChallenge.app; sourceTree = BUILT_PRODUCTS_DIR; };
		1FC93B6727AF2118003A1404 /* AppDelegate.swift */ = {isa = PBXFileReference; lastKnownFileType = sourcecode.swift; path = AppDelegate.swift; sourceTree = "<group>"; };
		1FC93B6927AF2118003A1404 /* SceneDelegate.swift */ = {isa = PBXFileReference; lastKnownFileType = sourcecode.swift; path = SceneDelegate.swift; sourceTree = "<group>"; };
		1FC93B6B27AF2118003A1404 /* ViewController.swift */ = {isa = PBXFileReference; lastKnownFileType = sourcecode.swift; path = ViewController.swift; sourceTree = "<group>"; };
		1FC93B6E27AF2118003A1404 /* Base */ = {isa = PBXFileReference; lastKnownFileType = file.storyboard; name = Base; path = Base.lproj/Main.storyboard; sourceTree = "<group>"; };
		1FC93B7127AF2118003A1404 /* ThirdWayvChallenge.xcdatamodel */ = {isa = PBXFileReference; lastKnownFileType = wrapper.xcdatamodel; path = ThirdWayvChallenge.xcdatamodel; sourceTree = "<group>"; };
		1FC93B7327AF211A003A1404 /* Assets.xcassets */ = {isa = PBXFileReference; lastKnownFileType = folder.assetcatalog; path = Assets.xcassets; sourceTree = "<group>"; };
		1FC93B7627AF211A003A1404 /* Base */ = {isa = PBXFileReference; lastKnownFileType = file.storyboard; name = Base; path = Base.lproj/LaunchScreen.storyboard; sourceTree = "<group>"; };
		1FC93B7827AF211A003A1404 /* Info.plist */ = {isa = PBXFileReference; lastKnownFileType = text.plist.xml; path = Info.plist; sourceTree = "<group>"; };
/* End PBXFileReference section */

/* Begin PBXFrameworksBuildPhase section */
		1FC93B6127AF2118003A1404 /* Frameworks */ = {
			isa = PBXFrameworksBuildPhase;
			buildActionMask = 2147483647;
			files = (
			);
			runOnlyForDeploymentPostprocessing = 0;
		};
/* End PBXFrameworksBuildPhase section */

/* Begin PBXGroup section */
		1FC93B5B27AF2118003A1404 = {
			isa = PBXGroup;
			children = (
				1FC93B6627AF2118003A1404 /* ThirdWayvChallenge */,
				1FC93B6527AF2118003A1404 /* Products */,
			);
			sourceTree = "<group>";
		};
		1FC93B6527AF2118003A1404 /* Products */ = {
			isa = PBXGroup;
			children = (
				1FC93B6427AF2118003A1404 /* ThirdWayvChallenge.app */,
			);
			name = Products;
			sourceTree = "<group>";
		};
		1FC93B6627AF2118003A1404 /* ThirdWayvChallenge */ = {
			isa = PBXGroup;
			children = (
				1FC93B6727AF2118003A1404 /* AppDelegate.swift */,
				1FC93B6927AF2118003A1404 /* SceneDelegate.swift */,
				1FC93B6B27AF2118003A1404 /* ViewController.swift */,
				1FC93B6D27AF2118003A1404 /* Main.storyboard */,
				1FC93B7327AF211A003A1404 /* Assets.xcassets */,
				1FC93B7527AF211A003A1404 /* LaunchScreen.storyboard */,
				1FC93B7827AF211A003A1404 /* Info.plist */,
				1FC93B7027AF2118003A1404 /* ThirdWayvChallenge.xcdatamodeld */,
			);
			path = ThirdWayvChallenge;
			sourceTree = "<group>";
		};
/* End PBXGroup section */

/* Begin PBXNativeTarget section */
		1FC93B6327AF2118003A1404 /* ThirdWayvChallenge */ = {
			isa = PBXNativeTarget;
			buildConfigurationList = 1FC93B7B27AF211A003A1404 /* Build configuration list for PBXNativeTarget "ThirdWayvChallenge" */;
			buildPhases = (
				1FC93B6027AF2118003A1404 /* Sources */,
				1FC93B6127AF2118003A1404 /* Frameworks */,
				1FC93B6227AF2118003A1404 /* Resources */,
			);
			buildRules = (
			);
			dependencies = (
			);
			name = ThirdWayvChallenge;
			productName = ThirdWayvChallenge;
			productReference = 1FC93B6427AF2118003A1404 /* ThirdWayvChallenge.app */;
			productType = "com.apple.product-type.application";
		};
/* End PBXNativeTarget section */

/* Begin PBXProject section */
		1FC93B5C27AF2118003A1404 /* Project object */ = {
			isa = PBXProject;
			attributes = {
				BuildIndependentTargetsInParallel = 1;
				LastSwiftUpdateCheck = 1320;
				LastUpgradeCheck = 1320;
				TargetAttributes = {
					1FC93B6327AF2118003A1404 = {
						CreatedOnToolsVersion = 13.2.1;
					};
				};
			};
			buildConfigurationList = 1FC93B5F27AF2118003A1404 /* Build configuration list for PBXProject "ThirdWayvChallenge" */;
			compatibilityVersion = "Xcode 13.0";
			developmentRegion = en;
			hasScannedForEncodings = 0;
			knownRegions = (
				en,
				Base,
			);
			mainGroup = 1FC93B5B27AF2118003A1404;
			productRefGroup = 1FC93B6527AF2118003A1404 /* Products */;
			projectDirPath = "";
			projectRoot = "";
			targets = (
				1FC93B6327AF2118003A1404 /* ThirdWayvChallenge */,
			);
		};
/* End PBXProject section */

/* Begin PBXResourcesBuildPhase section */
		1FC93B6227AF2118003A1404 /* Resources */ = {
			isa = PBXResourcesBuildPhase;
			buildActionMask = 2147483647;
			files = (
				1FC93B7727AF211A003A1404 /* LaunchScreen.storyboard in Resources */,
				1FC93B7427AF211A003A1404 /* Assets.xcassets in Resources */,
				1FC93B6F27AF2118003A1404 /* Main.storyboard in Resources */,
			);
			runOnlyForDeploymentPostprocessing = 0;
		};
/* End PBXResourcesBuildPhase section */

/* Begin PBXSourcesBuildPhase section */
		1FC93B6027AF2118003A1404 /* Sources */ = {
			isa = PBXSourcesBuildPhase;
			buildActionMask = 2147483647;
			files = (
				1FC93B7227AF2118003A1404 /* ThirdWayvChallenge.xcdatamodeld in Sources */,
				1FC93B6C27AF2118003A1404 /* ViewController.swift in Sources */,
				1FC93B6827AF2118003A1404 /* AppDelegate.swift in Sources */,
				1FC93B6A27AF2118003A1404 /* SceneDelegate.swift in Sources */,
			);
			runOnlyForDeploymentPostprocessing = 0;
		};
/* End PBXSourcesBuildPhase section */

/* Begin PBXVariantGroup section */
		1FC93B6D27AF2118003A1404 /* Main.storyboard */ = {
			isa = PBXVariantGroup;
			children = (
				1FC93B6E27AF2118003A1404 /* Base */,
			);
			name = Main.storyboard;
			sourceTree = "<group>";
		};
		1FC93B7527AF211A003A1404 /* LaunchScreen.storyboard */ = {
			isa = PBXVariantGroup;
			children = (
				1FC93B7627AF211A003A1404 /* Base */,
			);
			name = LaunchScreen.storyboard;
			sourceTree = "<group>";
		};
/* End PBXVariantGroup section */

/* Begin XCBuildConfiguration section */
		1FC93B7927AF211A003A1404 /* Debug */ = {
			isa = XCBuildConfiguration;
			buildSettings = {
				ALWAYS_SEARCH_USER_PATHS = NO;
				CLANG_ANALYZER_NONNULL = YES;
				CLANG_ANALYZER_NUMBER_OBJECT_CONVERSION = YES_AGGRESSIVE;
				CLANG_CXX_LANGUAGE_STANDARD = "gnu++17";
				CLANG_CXX_LIBRARY = "libc++";
				CLANG_ENABLE_MODULES = YES;
				CLANG_ENABLE_OBJC_ARC = YES;
				CLANG_ENABLE_OBJC_WEAK = YES;
				CLANG_WARN_BLOCK_CAPTURE_AUTORELEASING = YES;
				CLANG_WARN_BOOL_CONVERSION = YES;
				CLANG_WARN_COMMA = YES;
				CLANG_WARN_CONSTANT_CONVERSION = YES;
				CLANG_WARN_DEPRECATED_OBJC_IMPLEMENTATIONS = YES;
				CLANG_WARN_DIRECT_OBJC_ISA_USAGE = YES_ERROR;
				CLANG_WARN_DOCUMENTATION_COMMENTS = YES;
				CLANG_WARN_EMPTY_BODY = YES;
				CLANG_WARN_ENUM_CONVERSION = YES;
				CLANG_WARN_INFINITE_RECURSION = YES;
				CLANG_WARN_INT_CONVERSION = YES;
				CLANG_WARN_NON_LITERAL_NULL_CONVERSION = YES;
				CLANG_WARN_OBJC_IMPLICIT_RETAIN_SELF = YES;
				CLANG_WARN_OBJC_LITERAL_CONVERSION = YES;
				CLANG_WARN_OBJC_ROOT_CLASS = YES_ERROR;
				CLANG_WARN_QUOTED_INCLUDE_IN_FRAMEWORK_HEADER = YES;
				CLANG_WARN_RANGE_LOOP_ANALYSIS = YES;
				CLANG_WARN_STRICT_PROTOTYPES = YES;
				CLANG_WARN_SUSPICIOUS_MOVE = YES;
				CLANG_WARN_UNGUARDED_AVAILABILITY = YES_AGGRESSIVE;
				CLANG_WARN_UNREACHABLE_CODE = YES;
				CLANG_WARN__DUPLICATE_METHOD_MATCH = YES;
				COPY_PHASE_STRIP = NO;
				DEBUG_INFORMATION_FORMAT = dwarf;
				ENABLE_STRICT_OBJC_MSGSEND = YES;
				ENABLE_TESTABILITY = YES;
				GCC_C_LANGUAGE_STANDARD = gnu11;
				GCC_DYNAMIC_NO_PIC = NO;
				GCC_NO_COMMON_BLOCKS = YES;
				GCC_OPTIMIZATION_LEVEL = 0;
				GCC_PREPROCESSOR_DEFINITIONS = (
					"DEBUG=1",
					"$(inherited)",
				);
				GCC_WARN_64_TO_32_BIT_CONVERSION = YES;
				GCC_WARN_ABOUT_RETURN_TYPE = YES_ERROR;
				GCC_WARN_UNDECLARED_SELECTOR = YES;
				GCC_WARN_UNINITIALIZED_AUTOS = YES_AGGRESSIVE;
				GCC_WARN_UNUSED_FUNCTION = YES;
				GCC_WARN_UNUSED_VARIABLE = YES;
				IPHONEOS_DEPLOYMENT_TARGET = 15.2;
				MTL_ENABLE_DEBUG_INFO = INCLUDE_SOURCE;
				MTL_FAST_MATH = YES;
				ONLY_ACTIVE_ARCH = YES;
				SDKROOT = iphoneos;
				SWIFT_ACTIVE_COMPILATION_CONDITIONS = DEBUG;
				SWIFT_OPTIMIZATION_LEVEL = "-Onone";
			};
			name = Debug;
		};
		1FC93B7A27AF211A003A1404 /* Release */ = {
			isa = XCBuildConfiguration;
			buildSettings = {
				ALWAYS_SEARCH_USER_PATHS = NO;
				CLANG_ANALYZER_NONNULL = YES;
				CLANG_ANALYZER_NUMBER_OBJECT_CONVERSION = YES_AGGRESSIVE;
				CLANG_CXX_LANGUAGE_STANDARD = "gnu++17";
				CLANG_CXX_LIBRARY = "libc++";
				CLANG_ENABLE_MODULES = YES;
				CLANG_ENABLE_OBJC_ARC = YES;
				CLANG_ENABLE_OBJC_WEAK = YES;
				CLANG_WARN_BLOCK_CAPTURE_AUTORELEASING = YES;
				CLANG_WARN_BOOL_CONVERSION = YES;
				CLANG_WARN_COMMA = YES;
				CLANG_WARN_CONSTANT_CONVERSION = YES;
				CLANG_WARN_DEPRECATED_OBJC_IMPLEMENTATIONS = YES;
				CLANG_WARN_DIRECT_OBJC_ISA_USAGE = YES_ERROR;
				CLANG_WARN_DOCUMENTATION_COMMENTS = YES;
				CLANG_WARN_EMPTY_BODY = YES;
				CLANG_WARN_ENUM_CONVERSION = YES;
				CLANG_WARN_INFINITE_RECURSION = YES;
				CLANG_WARN_INT_CONVERSION = YES;
				CLANG_WARN_NON_LITERAL_NULL_CONVERSION = YES;
				CLANG_WARN_OBJC_IMPLICIT_RETAIN_SELF = YES;
				CLANG_WARN_OBJC_LITERAL_CONVERSION = YES;
				CLANG_WARN_OBJC_ROOT_CLASS = YES_ERROR;
				CLANG_WARN_QUOTED_INCLUDE_IN_FRAMEWORK_HEADER = YES;
				CLANG_WARN_RANGE_LOOP_ANALYSIS = YES;
				CLANG_WARN_STRICT_PROTOTYPES = YES;
				CLANG_WARN_SUSPICIOUS_MOVE = YES;
				CLANG_WARN_UNGUARDED_AVAILABILITY = YES_AGGRESSIVE;
				CLANG_WARN_UNREACHABLE_CODE = YES;
				CLANG_WARN__DUPLICATE_METHOD_MATCH = YES;
				COPY_PHASE_STRIP = NO;
				DEBUG_INFORMATION_FORMAT = "dwarf-with-dsym";
				ENABLE_NS_ASSERTIONS = NO;
				ENABLE_STRICT_OBJC_MSGSEND = YES;
				GCC_C_LANGUAGE_STANDARD = gnu11;
				GCC_NO_COMMON_BLOCKS = YES;
				GCC_WARN_64_TO_32_BIT_CONVERSION = YES;
				GCC_WARN_ABOUT_RETURN_TYPE = YES_ERROR;
				GCC_WARN_UNDECLARED_SELECTOR = YES;
				GCC_WARN_UNINITIALIZED_AUTOS = YES_AGGRESSIVE;
				GCC_WARN_UNUSED_FUNCTION = YES;
				GCC_WARN_UNUSED_VARIABLE = YES;
				IPHONEOS_DEPLOYMENT_TARGET = 15.2;
				MTL_ENABLE_DEBUG_INFO = NO;
				MTL_FAST_MATH = YES;
				SDKROOT = iphoneos;
				SWIFT_COMPILATION_MODE = wholemodule;
				SWIFT_OPTIMIZATION_LEVEL = "-O";
				VALIDATE_PRODUCT = YES;
			};
			name = Release;
		};
		1FC93B7C27AF211A003A1404 /* Debug */ = {
			isa = XCBuildConfiguration;
			buildSettings = {
				ASSETCATALOG_COMPILER_APPICON_NAME = AppIcon;
				ASSETCATALOG_COMPILER_GLOBAL_ACCENT_COLOR_NAME = AccentColor;
				CODE_SIGN_STYLE = Automatic;
				CURRENT_PROJECT_VERSION = 1;
				DEVELOPMENT_TEAM = 2A542S6399;
				GENERATE_INFOPLIST_FILE = YES;
				INFOPLIST_FILE = ThirdWayvChallenge/Info.plist;
				INFOPLIST_KEY_UIApplicationSupportsIndirectInputEvents = YES;
				INFOPLIST_KEY_UILaunchStoryboardName = LaunchScreen;
				INFOPLIST_KEY_UIMainStoryboardFile = Main;
				INFOPLIST_KEY_UISupportedInterfaceOrientations_iPad = "UIInterfaceOrientationPortrait UIInterfaceOrientationPortraitUpsideDown UIInterfaceOrientationLandscapeLeft UIInterfaceOrientationLandscapeRight";
				INFOPLIST_KEY_UISupportedInterfaceOrientations_iPhone = "UIInterfaceOrientationPortrait UIInterfaceOrientationLandscapeLeft UIInterfaceOrientationLandscapeRight";
				LD_RUNPATH_SEARCH_PATHS = (
					"$(inherited)",
					"@executable_path/Frameworks",
				);
				MARKETING_VERSION = 1.0;
				PRODUCT_BUNDLE_IDENTIFIER = com.mostafa.ThirdWayvChallenge;
				PRODUCT_NAME = "$(TARGET_NAME)";
				SWIFT_EMIT_LOC_STRINGS = YES;
				SWIFT_VERSION = 5.0;
				TARGETED_DEVICE_FAMILY = "1,2";
			};
			name = Debug;
		};
		1FC93B7D27AF211A003A1404 /* Release */ = {
			isa = XCBuildConfiguration;
			buildSettings = {
				ASSETCATALOG_COMPILER_APPICON_NAME = AppIcon;
				ASSETCATALOG_COMPILER_GLOBAL_ACCENT_COLOR_NAME = AccentColor;
				CODE_SIGN_STYLE = Automatic;
				CURRENT_PROJECT_VERSION = 1;
				DEVELOPMENT_TEAM = 2A542S6399;
				GENERATE_INFOPLIST_FILE = YES;
				INFOPLIST_FILE = ThirdWayvChallenge/Info.plist;
				INFOPLIST_KEY_UIApplicationSupportsIndirectInputEvents = YES;
				INFOPLIST_KEY_UILaunchStoryboardName = LaunchScreen;
				INFOPLIST_KEY_UIMainStoryboardFile = Main;
				INFOPLIST_KEY_UISupportedInterfaceOrientations_iPad = "UIInterfaceOrientationPortrait UIInterfaceOrientationPortraitUpsideDown UIInterfaceOrientationLandscapeLeft UIInterfaceOrientationLandscapeRight";
				INFOPLIST_KEY_UISupportedInterfaceOrientations_iPhone = "UIInterfaceOrientationPortrait UIInterfaceOrientationLandscapeLeft UIInterfaceOrientationLandscapeRight";
				LD_RUNPATH_SEARCH_PATHS = (
					"$(inherited)",
					"@executable_path/Frameworks",
				);
				MARKETING_VERSION = 1.0;
				PRODUCT_BUNDLE_IDENTIFIER = com.mostafa.ThirdWayvChallenge;
				PRODUCT_NAME = "$(TARGET_NAME)";
				SWIFT_EMIT_LOC_STRINGS = YES;
				SWIFT_VERSION = 5.0;
				TARGETED_DEVICE_FAMILY = "1,2";
			};
			name = Release;
		};
/* End XCBuildConfiguration section */

/* Begin XCConfigurationList section */
		1FC93B5F27AF2118003A1404 /* Build configuration list for PBXProject "ThirdWayvChallenge" */ = {
			isa = XCConfigurationList;
			buildConfigurations = (
				1FC93B7927AF211A003A1404 /* Debug */,
				1FC93B7A27AF211A003A1404 /* Release */,
			);
			defaultConfigurationIsVisible = 0;
			defaultConfigurationName = Release;
		};
		1FC93B7B27AF211A003A1404 /* Build configuration list for PBXNativeTarget "ThirdWayvChallenge" */ = {
			isa = XCConfigurationList;
			buildConfigurations = (
				1FC93B7C27AF211A003A1404 /* Debug */,
				1FC93B7D27AF211A003A1404 /* Release */,
			);
			defaultConfigurationIsVisible = 0;
			defaultConfigurationName = Release;
		};
/* End XCConfigurationList section */

/* Begin XCVersionGroup section */
		1FC93B7027AF2118003A1404 /* ThirdWayvChallenge.xcdatamodeld */ = {
			isa = XCVersionGroup;
			children = (
				1FC93B7127AF2118003A1404 /* ThirdWayvChallenge.xcdatamodel */,
			);
			currentVersion = 1FC93B7127AF2118003A1404 /* ThirdWayvChallenge.xcdatamodel */;
			path = ThirdWayvChallenge.xcdatamodeld;
			sourceTree = "<group>";
			versionGroupType = wrapper.xcdatamodel;
		};
/* End XCVersionGroup section */
	};
	rootObject = 1FC93B5C27AF2118003A1404 /* Project object */;
}
