// !$*UTF8*$!
{
	archiveVersion = 1;
	classes = {
	};
	objectVersion = 55;
	objects = {

/* Begin PBXBuildFile section */
		1FC93B6827AF2118003A1404 /* AppDelegate.swift in Sources */ = {isa = PBXBuildFile; fileRef = 1FC93B6727AF2118003A1404 /* AppDelegate.swift */; };
		1FC93B6A27AF2118003A1404 /* SceneDelegate.swift in Sources */ = {isa = PBXBuildFile; fileRef = 1FC93B6927AF2118003A1404 /* SceneDelegate.swift */; };
		1FC93B7227AF2118003A1404 /* ThirdWayvChallenge.xcdatamodeld in Sources */ = {isa = PBXBuildFile; fileRef = 1FC93B7027AF2118003A1404 /* ThirdWayvChallenge.xcdatamodeld */; };
		1FC93B7427AF211A003A1404 /* Assets.xcassets in Resources */ = {isa = PBXBuildFile; fileRef = 1FC93B7327AF211A003A1404 /* Assets.xcassets */; };
		1FC93B7727AF211A003A1404 /* LaunchScreen.storyboard in Resources */ = {isa = PBXBuildFile; fileRef = 1FC93B7527AF211A003A1404 /* LaunchScreen.storyboard */; };
		1FC93B8127AF21BC003A1404 /* ProductListsViewModel.swift in Sources */ = {isa = PBXBuildFile; fileRef = 1FC93B8027AF21BC003A1404 /* ProductListsViewModel.swift */; };
		1FC93B8427AF21CE003A1404 /* ProductListViewController.swift in Sources */ = {isa = PBXBuildFile; fileRef = 1FC93B8227AF21CE003A1404 /* ProductListViewController.swift */; };
		1FC93B8527AF21CE003A1404 /* ProductListViewController.xib in Resources */ = {isa = PBXBuildFile; fileRef = 1FC93B8327AF21CE003A1404 /* ProductListViewController.xib */; };
		1FC93B8927AF222F003A1404 /* ProductCollectionViewCell.swift in Sources */ = {isa = PBXBuildFile; fileRef = 1FC93B8727AF222F003A1404 /* ProductCollectionViewCell.swift */; };
		1FC93B8A27AF222F003A1404 /* ProductCollectionViewCell.xib in Resources */ = {isa = PBXBuildFile; fileRef = 1FC93B8827AF222F003A1404 /* ProductCollectionViewCell.xib */; };
		1FC93B8D27AF255E003A1404 /* Product.swift in Sources */ = {isa = PBXBuildFile; fileRef = 1FC93B8C27AF255E003A1404 /* Product.swift */; };
		1FC93B9727AF2630003A1404 /* ParameterEncoding.swift in Sources */ = {isa = PBXBuildFile; fileRef = 1FC93B9027AF2630003A1404 /* ParameterEncoding.swift */; };
		1FC93B9827AF2630003A1404 /* URLParameterEncoder.swift in Sources */ = {isa = PBXBuildFile; fileRef = 1FC93B9127AF2630003A1404 /* URLParameterEncoder.swift */; };
		1FC93B9927AF2630003A1404 /* JsonParameterEncoder.swift in Sources */ = {isa = PBXBuildFile; fileRef = 1FC93B9227AF2630003A1404 /* JsonParameterEncoder.swift */; };
		1FC93B9A27AF2630003A1404 /* Api.swift in Sources */ = {isa = PBXBuildFile; fileRef = 1FC93B9327AF2630003A1404 /* Api.swift */; };
		1FC93B9B27AF2630003A1404 /* NetworkError.swift in Sources */ = {isa = PBXBuildFile; fileRef = 1FC93B9427AF2630003A1404 /* NetworkError.swift */; };
		1FC93B9C27AF2630003A1404 /* NetworkConstants.swift in Sources */ = {isa = PBXBuildFile; fileRef = 1FC93B9527AF2630003A1404 /* NetworkConstants.swift */; };
		1FC93B9D27AF2630003A1404 /* Requestable.swift in Sources */ = {isa = PBXBuildFile; fileRef = 1FC93B9627AF2630003A1404 /* Requestable.swift */; };
		1FC93BA427AF2786003A1404 /* UICollectionView+Ext.swift in Sources */ = {isa = PBXBuildFile; fileRef = 1FC93BA327AF2786003A1404 /* UICollectionView+Ext.swift */; };
		1FC93BAA27AF2B36003A1404 /* ProductListUseCase.swift in Sources */ = {isa = PBXBuildFile; fileRef = 1FC93BA927AF2B36003A1404 /* ProductListUseCase.swift */; };
		1FC93BAD27AF2D9E003A1404 /* ProductListApi.swift in Sources */ = {isa = PBXBuildFile; fileRef = 1FC93BAC27AF2D9E003A1404 /* ProductListApi.swift */; };
		1FC93BB027AF2F7F003A1404 /* AlertShower.swift in Sources */ = {isa = PBXBuildFile; fileRef = 1FC93BAF27AF2F7F003A1404 /* AlertShower.swift */; };
		1FC93BB227AF3049003A1404 /* LoadingShower.swift in Sources */ = {isa = PBXBuildFile; fileRef = 1FC93BB127AF3049003A1404 /* LoadingShower.swift */; };
		1FEBBCD427B046C500B6B5E9 /* Observable.swift in Sources */ = {isa = PBXBuildFile; fileRef = 1FEBBCD327B046C500B6B5E9 /* Observable.swift */; };
		1FEBBCD627B04D9500B6B5E9 /* UIImageView+Ext.swift in Sources */ = {isa = PBXBuildFile; fileRef = 1FEBBCD527B04D9500B6B5E9 /* UIImageView+Ext.swift */; };
		1FEBBCD827B05DDB00B6B5E9 /* PinterestFlowLayout.swift in Sources */ = {isa = PBXBuildFile; fileRef = 1FEBBCD727B05DDB00B6B5E9 /* PinterestFlowLayout.swift */; };
		1FEBBCDA27B0802E00B6B5E9 /* NetworkReachability.swift in Sources */ = {isa = PBXBuildFile; fileRef = 1FEBBCD927B0802E00B6B5E9 /* NetworkReachability.swift */; };
/* End PBXBuildFile section */

/* Begin PBXFileReference section */
		1FC93B6427AF2118003A1404 /* ThirdWayvChallenge.app */ = {isa = PBXFileReference; explicitFileType = wrapper.application; includeInIndex = 0; path = ThirdWayvChallenge.app; sourceTree = BUILT_PRODUCTS_DIR; };
		1FC93B6727AF2118003A1404 /* AppDelegate.swift */ = {isa = PBXFileReference; lastKnownFileType = sourcecode.swift; path = AppDelegate.swift; sourceTree = "<group>"; };
		1FC93B6927AF2118003A1404 /* SceneDelegate.swift */ = {isa = PBXFileReference; lastKnownFileType = sourcecode.swift; path = SceneDelegate.swift; sourceTree = "<group>"; };
		1FC93B7127AF2118003A1404 /* ThirdWayvChallenge.xcdatamodel */ = {isa = PBXFileReference; lastKnownFileType = wrapper.xcdatamodel; path = ThirdWayvChallenge.xcdatamodel; sourceTree = "<group>"; };
		1FC93B7327AF211A003A1404 /* Assets.xcassets */ = {isa = PBXFileReference; lastKnownFileType = folder.assetcatalog; path = Assets.xcassets; sourceTree = "<group>"; };
		1FC93B7627AF211A003A1404 /* Base */ = {isa = PBXFileReference; lastKnownFileType = file.storyboard; name = Base; path = Base.lproj/LaunchScreen.storyboard; sourceTree = "<group>"; };
		1FC93B7827AF211A003A1404 /* Info.plist */ = {isa = PBXFileReference; lastKnownFileType = text.plist.xml; path = Info.plist; sourceTree = "<group>"; };
		1FC93B8027AF21BC003A1404 /* ProductListsViewModel.swift */ = {isa = PBXFileReference; lastKnownFileType = sourcecode.swift; path = ProductListsViewModel.swift; sourceTree = "<group>"; };
		1FC93B8227AF21CE003A1404 /* ProductListViewController.swift */ = {isa = PBXFileReference; lastKnownFileType = sourcecode.swift; path = ProductListViewController.swift; sourceTree = "<group>"; };
		1FC93B8327AF21CE003A1404 /* ProductListViewController.xib */ = {isa = PBXFileReference; lastKnownFileType = file.xib; path = ProductListViewController.xib; sourceTree = "<group>"; };
		1FC93B8727AF222F003A1404 /* ProductCollectionViewCell.swift */ = {isa = PBXFileReference; lastKnownFileType = sourcecode.swift; path = ProductCollectionViewCell.swift; sourceTree = "<group>"; };
		1FC93B8827AF222F003A1404 /* ProductCollectionViewCell.xib */ = {isa = PBXFileReference; lastKnownFileType = file.xib; path = ProductCollectionViewCell.xib; sourceTree = "<group>"; };
		1FC93B8C27AF255E003A1404 /* Product.swift */ = {isa = PBXFileReference; lastKnownFileType = sourcecode.swift; path = Product.swift; sourceTree = "<group>"; };
		1FC93B9027AF2630003A1404 /* ParameterEncoding.swift */ = {isa = PBXFileReference; fileEncoding = 4; lastKnownFileType = sourcecode.swift; path = ParameterEncoding.swift; sourceTree = "<group>"; };
		1FC93B9127AF2630003A1404 /* URLParameterEncoder.swift */ = {isa = PBXFileReference; fileEncoding = 4; lastKnownFileType = sourcecode.swift; path = URLParameterEncoder.swift; sourceTree = "<group>"; };
		1FC93B9227AF2630003A1404 /* JsonParameterEncoder.swift */ = {isa = PBXFileReference; fileEncoding = 4; lastKnownFileType = sourcecode.swift; path = JsonParameterEncoder.swift; sourceTree = "<group>"; };
		1FC93B9327AF2630003A1404 /* Api.swift */ = {isa = PBXFileReference; fileEncoding = 4; lastKnownFileType = sourcecode.swift; path = Api.swift; sourceTree = "<group>"; };
		1FC93B9427AF2630003A1404 /* NetworkError.swift */ = {isa = PBXFileReference; fileEncoding = 4; lastKnownFileType = sourcecode.swift; path = NetworkError.swift; sourceTree = "<group>"; };
		1FC93B9527AF2630003A1404 /* NetworkConstants.swift */ = {isa = PBXFileReference; fileEncoding = 4; lastKnownFileType = sourcecode.swift; path = NetworkConstants.swift; sourceTree = "<group>"; };
		1FC93B9627AF2630003A1404 /* Requestable.swift */ = {isa = PBXFileReference; fileEncoding = 4; lastKnownFileType = sourcecode.swift; path = Requestable.swift; sourceTree = "<group>"; };
		1FC93BA327AF2786003A1404 /* UICollectionView+Ext.swift */ = {isa = PBXFileReference; fileEncoding = 4; lastKnownFileType = sourcecode.swift; path = "UICollectionView+Ext.swift"; sourceTree = "<group>"; };
		1FC93BA927AF2B36003A1404 /* ProductListUseCase.swift */ = {isa = PBXFileReference; lastKnownFileType = sourcecode.swift; path = ProductListUseCase.swift; sourceTree = "<group>"; };
		1FC93BAC27AF2D9E003A1404 /* ProductListApi.swift */ = {isa = PBXFileReference; lastKnownFileType = sourcecode.swift; path = ProductListApi.swift; sourceTree = "<group>"; };
		1FC93BAF27AF2F7F003A1404 /* AlertShower.swift */ = {isa = PBXFileReference; fileEncoding = 4; lastKnownFileType = sourcecode.swift; path = AlertShower.swift; sourceTree = "<group>"; };
		1FC93BB127AF3049003A1404 /* LoadingShower.swift */ = {isa = PBXFileReference; lastKnownFileType = sourcecode.swift; path = LoadingShower.swift; sourceTree = "<group>"; };
		1FEBBCD327B046C500B6B5E9 /* Observable.swift */ = {isa = PBXFileReference; lastKnownFileType = sourcecode.swift; path = Observable.swift; sourceTree = "<group>"; };
		1FEBBCD527B04D9500B6B5E9 /* UIImageView+Ext.swift */ = {isa = PBXFileReference; lastKnownFileType = sourcecode.swift; path = "UIImageView+Ext.swift"; sourceTree = "<group>"; };
		1FEBBCD727B05DDB00B6B5E9 /* PinterestFlowLayout.swift */ = {isa = PBXFileReference; lastKnownFileType = sourcecode.swift; path = PinterestFlowLayout.swift; sourceTree = "<group>"; };
		1FEBBCD927B0802E00B6B5E9 /* NetworkReachability.swift */ = {isa = PBXFileReference; lastKnownFileType = sourcecode.swift; path = NetworkReachability.swift; sourceTree = "<group>"; };
/* End PBXFileReference section */

/* Begin PBXFrameworksBuildPhase section */
		1FC93B6127AF2118003A1404 /* Frameworks */ = {
			isa = PBXFrameworksBuildPhase;
			buildActionMask = 2147483647;
			files = (
			);
			runOnlyForDeploymentPostprocessing = 0;
		};
/* End PBXFrameworksBuildPhase section */

/* Begin PBXGroup section */
		1FC93B5B27AF2118003A1404 = {
			isa = PBXGroup;
			children = (
				1FC93B6627AF2118003A1404 /* ThirdWayvChallenge */,
				1FC93B6527AF2118003A1404 /* Products */,
			);
			sourceTree = "<group>";
		};
		1FC93B6527AF2118003A1404 /* Products */ = {
			isa = PBXGroup;
			children = (
				1FC93B6427AF2118003A1404 /* ThirdWayvChallenge.app */,
			);
			name = Products;
			sourceTree = "<group>";
		};
		1FC93B6627AF2118003A1404 /* ThirdWayvChallenge */ = {
			isa = PBXGroup;
			children = (
				1FC93BA027AF2743003A1404 /* AppDelegate */,
				1FC93B8B27AF254E003A1404 /* Models */,
				1FC93B7E27AF21A2003A1404 /* Modules */,
				1FC93B9E27AF272E003A1404 /* Utils */,
				1FC93B8E27AF25EB003A1404 /* ApiWrapper */,
				1FC93B7327AF211A003A1404 /* Assets.xcassets */,
				1FC93B7527AF211A003A1404 /* LaunchScreen.storyboard */,
				1FC93B7827AF211A003A1404 /* Info.plist */,
				1FC93B7027AF2118003A1404 /* ThirdWayvChallenge.xcdatamodeld */,
			);
			path = ThirdWayvChallenge;
			sourceTree = "<group>";
		};
		1FC93B7E27AF21A2003A1404 /* Modules */ = {
			isa = PBXGroup;
			children = (
				1FC93B7F27AF21AA003A1404 /* ProductsList */,
			);
			path = Modules;
			sourceTree = "<group>";
		};
		1FC93B7F27AF21AA003A1404 /* ProductsList */ = {
			isa = PBXGroup;
			children = (
				1FC93BA827AF2B19003A1404 /* View */,
				1FC93BA727AF2ADD003A1404 /* UseCase */,
				1FC93BA527AF2AC8003A1404 /* ViewModel */,
				1FC93B8627AF2212003A1404 /* Cells */,
			);
			path = ProductsList;
			sourceTree = "<group>";
		};
		1FC93B8627AF2212003A1404 /* Cells */ = {
			isa = PBXGroup;
			children = (
				1FEBBCDB27B0845B00B6B5E9 /* ProductCollectionViewCell */,
			);
			path = Cells;
			sourceTree = "<group>";
		};
		1FC93B8B27AF254E003A1404 /* Models */ = {
			isa = PBXGroup;
			children = (
				1FC93B8C27AF255E003A1404 /* Product.swift */,
			);
			path = Models;
			sourceTree = "<group>";
		};
		1FC93B8E27AF25EB003A1404 /* ApiWrapper */ = {
			isa = PBXGroup;
			children = (
				1FC93BAB27AF2D89003A1404 /* Apis */,
				1FC93B8F27AF2630003A1404 /* Encoding */,
				1FC93B9327AF2630003A1404 /* Api.swift */,
				1FC93B9527AF2630003A1404 /* NetworkConstants.swift */,
				1FC93B9427AF2630003A1404 /* NetworkError.swift */,
				1FC93B9627AF2630003A1404 /* Requestable.swift */,
				1FEBBCD927B0802E00B6B5E9 /* NetworkReachability.swift */,
			);
			path = ApiWrapper;
			sourceTree = "<group>";
		};
		1FC93B8F27AF2630003A1404 /* Encoding */ = {
			isa = PBXGroup;
			children = (
				1FC93B9027AF2630003A1404 /* ParameterEncoding.swift */,
				1FC93B9127AF2630003A1404 /* URLParameterEncoder.swift */,
				1FC93B9227AF2630003A1404 /* JsonParameterEncoder.swift */,
			);
			path = Encoding;
			sourceTree = "<group>";
		};
		1FC93B9E27AF272E003A1404 /* Utils */ = {
			isa = PBXGroup;
			children = (
				1FC93BAE27AF2F5D003A1404 /* Protocols */,
				1FC93BA227AF2769003A1404 /* HelpingUI */,
				1FC93B9F27AF2739003A1404 /* Extensions */,
				1FEBBCD327B046C500B6B5E9 /* Observable.swift */,
			);
			path = Utils;
			sourceTree = "<group>";
		};
		1FC93B9F27AF2739003A1404 /* Extensions */ = {
			isa = PBXGroup;
			children = (
				1FC93BA327AF2786003A1404 /* UICollectionView+Ext.swift */,
				1FEBBCD527B04D9500B6B5E9 /* UIImageView+Ext.swift */,
			);
			path = Extensions;
			sourceTree = "<group>";
		};
		1FC93BA027AF2743003A1404 /* AppDelegate */ = {
			isa = PBXGroup;
			children = (
				1FC93B6727AF2118003A1404 /* AppDelegate.swift */,
				1FC93B6927AF2118003A1404 /* SceneDelegate.swift */,
			);
			path = AppDelegate;
			sourceTree = "<group>";
		};
		1FC93BA227AF2769003A1404 /* HelpingUI */ = {
			isa = PBXGroup;
			children = (
				1FEBBCD727B05DDB00B6B5E9 /* PinterestFlowLayout.swift */,
			);
			path = HelpingUI;
			sourceTree = "<group>";
		};
		1FC93BA527AF2AC8003A1404 /* ViewModel */ = {
			isa = PBXGroup;
			children = (
				1FC93B8027AF21BC003A1404 /* ProductListsViewModel.swift */,
			);
			path = ViewModel;
			sourceTree = "<group>";
		};
		1FC93BA727AF2ADD003A1404 /* UseCase */ = {
			isa = PBXGroup;
			children = (
				1FC93BA927AF2B36003A1404 /* ProductListUseCase.swift */,
			);
			path = UseCase;
			sourceTree = "<group>";
		};
		1FC93BA827AF2B19003A1404 /* View */ = {
			isa = PBXGroup;
			children = (
				1FC93B8227AF21CE003A1404 /* ProductListViewController.swift */,
				1FC93B8327AF21CE003A1404 /* ProductListViewController.xib */,
			);
			path = View;
			sourceTree = "<group>";
		};
		1FC93BAB27AF2D89003A1404 /* Apis */ = {
			isa = PBXGroup;
			children = (
				1FC93BAC27AF2D9E003A1404 /* ProductListApi.swift */,
			);
			path = Apis;
			sourceTree = "<group>";
		};
		1FC93BAE27AF2F5D003A1404 /* Protocols */ = {
			isa = PBXGroup;
			children = (
				1FC93BAF27AF2F7F003A1404 /* AlertShower.swift */,
				1FC93BB127AF3049003A1404 /* LoadingShower.swift */,
			);
			path = Protocols;
			sourceTree = "<group>";
		};
		1FEBBCDB27B0845B00B6B5E9 /* ProductCollectionViewCell */ = {
			isa = PBXGroup;
			children = (
				1FC93B8727AF222F003A1404 /* ProductCollectionViewCell.swift */,
				1FC93B8827AF222F003A1404 /* ProductCollectionViewCell.xib */,
			);
			path = ProductCollectionViewCell;
			sourceTree = "<group>";
		};
/* End PBXGroup section */

/* Begin PBXNativeTarget section */
		1FC93B6327AF2118003A1404 /* ThirdWayvChallenge */ = {
			isa = PBXNativeTarget;
			buildConfigurationList = 1FC93B7B27AF211A003A1404 /* Build configuration list for PBXNativeTarget "ThirdWayvChallenge" */;
			buildPhases = (
				1FC93B6027AF2118003A1404 /* Sources */,
				1FC93B6127AF2118003A1404 /* Frameworks */,
				1FC93B6227AF2118003A1404 /* Resources */,
			);
			buildRules = (
			);
			dependencies = (
			);
			name = ThirdWayvChallenge;
			productName = ThirdWayvChallenge;
			productReference = 1FC93B6427AF2118003A1404 /* ThirdWayvChallenge.app */;
			productType = "com.apple.product-type.application";
		};
/* End PBXNativeTarget section */

/* Begin PBXProject section */
		1FC93B5C27AF2118003A1404 /* Project object */ = {
			isa = PBXProject;
			attributes = {
				BuildIndependentTargetsInParallel = 1;
				LastSwiftUpdateCheck = 1320;
				LastUpgradeCheck = 1320;
				TargetAttributes = {
					1FC93B6327AF2118003A1404 = {
						CreatedOnToolsVersion = 13.2.1;
					};
				};
			};
			buildConfigurationList = 1FC93B5F27AF2118003A1404 /* Build configuration list for PBXProject "ThirdWayvChallenge" */;
			compatibilityVersion = "Xcode 13.0";
			developmentRegion = en;
			hasScannedForEncodings = 0;
			knownRegions = (
				en,
				Base,
			);
			mainGroup = 1FC93B5B27AF2118003A1404;
			productRefGroup = 1FC93B6527AF2118003A1404 /* Products */;
			projectDirPath = "";
			projectRoot = "";
			targets = (
				1FC93B6327AF2118003A1404 /* ThirdWayvChallenge */,
			);
		};
/* End PBXProject section */

/* Begin PBXResourcesBuildPhase section */
		1FC93B6227AF2118003A1404 /* Resources */ = {
			isa = PBXResourcesBuildPhase;
			buildActionMask = 2147483647;
			files = (
				1FC93B7727AF211A003A1404 /* LaunchScreen.storyboard in Resources */,
				1FC93B8527AF21CE003A1404 /* ProductListViewController.xib in Resources */,
				1FC93B8A27AF222F003A1404 /* ProductCollectionViewCell.xib in Resources */,
				1FC93B7427AF211A003A1404 /* Assets.xcassets in Resources */,
			);
			runOnlyForDeploymentPostprocessing = 0;
		};
/* End PBXResourcesBuildPhase section */

/* Begin PBXSourcesBuildPhase section */
		1FC93B6027AF2118003A1404 /* Sources */ = {
			isa = PBXSourcesBuildPhase;
			buildActionMask = 2147483647;
			files = (
				1FEBBCDA27B0802E00B6B5E9 /* NetworkReachability.swift in Sources */,
				1FC93BB227AF3049003A1404 /* LoadingShower.swift in Sources */,
				1FC93B9C27AF2630003A1404 /* NetworkConstants.swift in Sources */,
				1FEBBCD827B05DDB00B6B5E9 /* PinterestFlowLayout.swift in Sources */,
				1FC93B9D27AF2630003A1404 /* Requestable.swift in Sources */,
				1FC93B7227AF2118003A1404 /* ThirdWayvChallenge.xcdatamodeld in Sources */,
				1FC93B6827AF2118003A1404 /* AppDelegate.swift in Sources */,
				1FC93BA427AF2786003A1404 /* UICollectionView+Ext.swift in Sources */,
				1FEBBCD627B04D9500B6B5E9 /* UIImageView+Ext.swift in Sources */,
				1FC93B9927AF2630003A1404 /* JsonParameterEncoder.swift in Sources */,
				1FC93B9727AF2630003A1404 /* ParameterEncoding.swift in Sources */,
				1FC93B8427AF21CE003A1404 /* ProductListViewController.swift in Sources */,
				1FC93B9A27AF2630003A1404 /* Api.swift in Sources */,
				1FEBBCD427B046C500B6B5E9 /* Observable.swift in Sources */,
				1FC93BAA27AF2B36003A1404 /* ProductListUseCase.swift in Sources */,
				1FC93B8127AF21BC003A1404 /* ProductListsViewModel.swift in Sources */,
				1FC93B8927AF222F003A1404 /* ProductCollectionViewCell.swift in Sources */,
				1FC93B6A27AF2118003A1404 /* SceneDelegate.swift in Sources */,
				1FC93B9B27AF2630003A1404 /* NetworkError.swift in Sources */,
				1FC93BAD27AF2D9E003A1404 /* ProductListApi.swift in Sources */,
				1FC93BB027AF2F7F003A1404 /* AlertShower.swift in Sources */,
				1FC93B8D27AF255E003A1404 /* Product.swift in Sources */,
				1FC93B9827AF2630003A1404 /* URLParameterEncoder.swift in Sources */,
			);
			runOnlyForDeploymentPostprocessing = 0;
		};
/* End PBXSourcesBuildPhase section */

/* Begin PBXVariantGroup section */
		1FC93B7527AF211A003A1404 /* LaunchScreen.storyboard */ = {
			isa = PBXVariantGroup;
			children = (
				1FC93B7627AF211A003A1404 /* Base */,
			);
			name = LaunchScreen.storyboard;
			sourceTree = "<group>";
		};
/* End PBXVariantGroup section */

/* Begin XCBuildConfiguration section */
		1FC93B7927AF211A003A1404 /* Debug */ = {
			isa = XCBuildConfiguration;
			buildSettings = {
				ALWAYS_SEARCH_USER_PATHS = NO;
				CLANG_ANALYZER_NONNULL = YES;
				CLANG_ANALYZER_NUMBER_OBJECT_CONVERSION = YES_AGGRESSIVE;
				CLANG_CXX_LANGUAGE_STANDARD = "gnu++17";
				CLANG_CXX_LIBRARY = "libc++";
				CLANG_ENABLE_MODULES = YES;
				CLANG_ENABLE_OBJC_ARC = YES;
				CLANG_ENABLE_OBJC_WEAK = YES;
				CLANG_WARN_BLOCK_CAPTURE_AUTORELEASING = YES;
				CLANG_WARN_BOOL_CONVERSION = YES;
				CLANG_WARN_COMMA = YES;
				CLANG_WARN_CONSTANT_CONVERSION = YES;
				CLANG_WARN_DEPRECATED_OBJC_IMPLEMENTATIONS = YES;
				CLANG_WARN_DIRECT_OBJC_ISA_USAGE = YES_ERROR;
				CLANG_WARN_DOCUMENTATION_COMMENTS = YES;
				CLANG_WARN_EMPTY_BODY = YES;
				CLANG_WARN_ENUM_CONVERSION = YES;
				CLANG_WARN_INFINITE_RECURSION = YES;
				CLANG_WARN_INT_CONVERSION = YES;
				CLANG_WARN_NON_LITERAL_NULL_CONVERSION = YES;
				CLANG_WARN_OBJC_IMPLICIT_RETAIN_SELF = YES;
				CLANG_WARN_OBJC_LITERAL_CONVERSION = YES;
				CLANG_WARN_OBJC_ROOT_CLASS = YES_ERROR;
				CLANG_WARN_QUOTED_INCLUDE_IN_FRAMEWORK_HEADER = YES;
				CLANG_WARN_RANGE_LOOP_ANALYSIS = YES;
				CLANG_WARN_STRICT_PROTOTYPES = YES;
				CLANG_WARN_SUSPICIOUS_MOVE = YES;
				CLANG_WARN_UNGUARDED_AVAILABILITY = YES_AGGRESSIVE;
				CLANG_WARN_UNREACHABLE_CODE = YES;
				CLANG_WARN__DUPLICATE_METHOD_MATCH = YES;
				COPY_PHASE_STRIP = NO;
				DEBUG_INFORMATION_FORMAT = dwarf;
				ENABLE_STRICT_OBJC_MSGSEND = YES;
				ENABLE_TESTABILITY = YES;
				GCC_C_LANGUAGE_STANDARD = gnu11;
				GCC_DYNAMIC_NO_PIC = NO;
				GCC_NO_COMMON_BLOCKS = YES;
				GCC_OPTIMIZATION_LEVEL = 0;
				GCC_PREPROCESSOR_DEFINITIONS = (
					"DEBUG=1",
					"$(inherited)",
				);
				GCC_WARN_64_TO_32_BIT_CONVERSION = YES;
				GCC_WARN_ABOUT_RETURN_TYPE = YES_ERROR;
				GCC_WARN_UNDECLARED_SELECTOR = YES;
				GCC_WARN_UNINITIALIZED_AUTOS = YES_AGGRESSIVE;
				GCC_WARN_UNUSED_FUNCTION = YES;
				GCC_WARN_UNUSED_VARIABLE = YES;
				IPHONEOS_DEPLOYMENT_TARGET = 15.2;
				MTL_ENABLE_DEBUG_INFO = INCLUDE_SOURCE;
				MTL_FAST_MATH = YES;
				ONLY_ACTIVE_ARCH = YES;
				SDKROOT = iphoneos;
				SWIFT_ACTIVE_COMPILATION_CONDITIONS = DEBUG;
				SWIFT_OPTIMIZATION_LEVEL = "-Onone";
			};
			name = Debug;
		};
		1FC93B7A27AF211A003A1404 /* Release */ = {
			isa = XCBuildConfiguration;
			buildSettings = {
				ALWAYS_SEARCH_USER_PATHS = NO;
				CLANG_ANALYZER_NONNULL = YES;
				CLANG_ANALYZER_NUMBER_OBJECT_CONVERSION = YES_AGGRESSIVE;
				CLANG_CXX_LANGUAGE_STANDARD = "gnu++17";
				CLANG_CXX_LIBRARY = "libc++";
				CLANG_ENABLE_MODULES = YES;
				CLANG_ENABLE_OBJC_ARC = YES;
				CLANG_ENABLE_OBJC_WEAK = YES;
				CLANG_WARN_BLOCK_CAPTURE_AUTORELEASING = YES;
				CLANG_WARN_BOOL_CONVERSION = YES;
				CLANG_WARN_COMMA = YES;
				CLANG_WARN_CONSTANT_CONVERSION = YES;
				CLANG_WARN_DEPRECATED_OBJC_IMPLEMENTATIONS = YES;
				CLANG_WARN_DIRECT_OBJC_ISA_USAGE = YES_ERROR;
				CLANG_WARN_DOCUMENTATION_COMMENTS = YES;
				CLANG_WARN_EMPTY_BODY = YES;
				CLANG_WARN_ENUM_CONVERSION = YES;
				CLANG_WARN_INFINITE_RECURSION = YES;
				CLANG_WARN_INT_CONVERSION = YES;
				CLANG_WARN_NON_LITERAL_NULL_CONVERSION = YES;
				CLANG_WARN_OBJC_IMPLICIT_RETAIN_SELF = YES;
				CLANG_WARN_OBJC_LITERAL_CONVERSION = YES;
				CLANG_WARN_OBJC_ROOT_CLASS = YES_ERROR;
				CLANG_WARN_QUOTED_INCLUDE_IN_FRAMEWORK_HEADER = YES;
				CLANG_WARN_RANGE_LOOP_ANALYSIS = YES;
				CLANG_WARN_STRICT_PROTOTYPES = YES;
				CLANG_WARN_SUSPICIOUS_MOVE = YES;
				CLANG_WARN_UNGUARDED_AVAILABILITY = YES_AGGRESSIVE;
				CLANG_WARN_UNREACHABLE_CODE = YES;
				CLANG_WARN__DUPLICATE_METHOD_MATCH = YES;
				COPY_PHASE_STRIP = NO;
				DEBUG_INFORMATION_FORMAT = "dwarf-with-dsym";
				ENABLE_NS_ASSERTIONS = NO;
				ENABLE_STRICT_OBJC_MSGSEND = YES;
				GCC_C_LANGUAGE_STANDARD = gnu11;
				GCC_NO_COMMON_BLOCKS = YES;
				GCC_WARN_64_TO_32_BIT_CONVERSION = YES;
				GCC_WARN_ABOUT_RETURN_TYPE = YES_ERROR;
				GCC_WARN_UNDECLARED_SELECTOR = YES;
				GCC_WARN_UNINITIALIZED_AUTOS = YES_AGGRESSIVE;
				GCC_WARN_UNUSED_FUNCTION = YES;
				GCC_WARN_UNUSED_VARIABLE = YES;
				IPHONEOS_DEPLOYMENT_TARGET = 15.2;
				MTL_ENABLE_DEBUG_INFO = NO;
				MTL_FAST_MATH = YES;
				SDKROOT = iphoneos;
				SWIFT_COMPILATION_MODE = wholemodule;
				SWIFT_OPTIMIZATION_LEVEL = "-O";
				VALIDATE_PRODUCT = YES;
			};
			name = Release;
		};
		1FC93B7C27AF211A003A1404 /* Debug */ = {
			isa = XCBuildConfiguration;
			buildSettings = {
				ASSETCATALOG_COMPILER_APPICON_NAME = AppIcon;
				ASSETCATALOG_COMPILER_GLOBAL_ACCENT_COLOR_NAME = AccentColor;
				CODE_SIGN_STYLE = Automatic;
				CURRENT_PROJECT_VERSION = 1;
				DEVELOPMENT_TEAM = 2A542S6399;
				GENERATE_INFOPLIST_FILE = YES;
				INFOPLIST_FILE = ThirdWayvChallenge/Info.plist;
				INFOPLIST_KEY_UIApplicationSupportsIndirectInputEvents = YES;
				INFOPLIST_KEY_UILaunchStoryboardName = LaunchScreen;
				INFOPLIST_KEY_UISupportedInterfaceOrientations = UIInterfaceOrientationPortrait;
				INFOPLIST_KEY_UISupportedInterfaceOrientations_iPad = "UIInterfaceOrientationPortrait UIInterfaceOrientationPortraitUpsideDown UIInterfaceOrientationLandscapeLeft UIInterfaceOrientationLandscapeRight";
				INFOPLIST_KEY_UISupportedInterfaceOrientations_iPhone = "UIInterfaceOrientationPortrait UIInterfaceOrientationLandscapeLeft UIInterfaceOrientationLandscapeRight";
				IPHONEOS_DEPLOYMENT_TARGET = 13.0;
				LD_RUNPATH_SEARCH_PATHS = (
					"$(inherited)",
					"@executable_path/Frameworks",
				);
				MARKETING_VERSION = 1.0;
				PRODUCT_BUNDLE_IDENTIFIER = com.mostafa.ThirdWayvChallenge;
				PRODUCT_NAME = "$(TARGET_NAME)";
				SWIFT_EMIT_LOC_STRINGS = YES;
				SWIFT_VERSION = 5.0;
				TARGETED_DEVICE_FAMILY = 1;
			};
			name = Debug;
		};
		1FC93B7D27AF211A003A1404 /* Release */ = {
			isa = XCBuildConfiguration;
			buildSettings = {
				ASSETCATALOG_COMPILER_APPICON_NAME = AppIcon;
				ASSETCATALOG_COMPILER_GLOBAL_ACCENT_COLOR_NAME = AccentColor;
				CODE_SIGN_STYLE = Automatic;
				CURRENT_PROJECT_VERSION = 1;
				DEVELOPMENT_TEAM = 2A542S6399;
				GENERATE_INFOPLIST_FILE = YES;
				INFOPLIST_FILE = ThirdWayvChallenge/Info.plist;
				INFOPLIST_KEY_UIApplicationSupportsIndirectInputEvents = YES;
				INFOPLIST_KEY_UILaunchStoryboardName = LaunchScreen;
				INFOPLIST_KEY_UISupportedInterfaceOrientations = UIInterfaceOrientationPortrait;
				INFOPLIST_KEY_UISupportedInterfaceOrientations_iPad = "UIInterfaceOrientationPortrait UIInterfaceOrientationPortraitUpsideDown UIInterfaceOrientationLandscapeLeft UIInterfaceOrientationLandscapeRight";
				INFOPLIST_KEY_UISupportedInterfaceOrientations_iPhone = "UIInterfaceOrientationPortrait UIInterfaceOrientationLandscapeLeft UIInterfaceOrientationLandscapeRight";
				IPHONEOS_DEPLOYMENT_TARGET = 13.0;
				LD_RUNPATH_SEARCH_PATHS = (
					"$(inherited)",
					"@executable_path/Frameworks",
				);
				MARKETING_VERSION = 1.0;
				PRODUCT_BUNDLE_IDENTIFIER = com.mostafa.ThirdWayvChallenge;
				PRODUCT_NAME = "$(TARGET_NAME)";
				SWIFT_EMIT_LOC_STRINGS = YES;
				SWIFT_VERSION = 5.0;
				TARGETED_DEVICE_FAMILY = 1;
			};
			name = Release;
		};
/* End XCBuildConfiguration section */

/* Begin XCConfigurationList section */
		1FC93B5F27AF2118003A1404 /* Build configuration list for PBXProject "ThirdWayvChallenge" */ = {
			isa = XCConfigurationList;
			buildConfigurations = (
				1FC93B7927AF211A003A1404 /* Debug */,
				1FC93B7A27AF211A003A1404 /* Release */,
			);
			defaultConfigurationIsVisible = 0;
			defaultConfigurationName = Release;
		};
		1FC93B7B27AF211A003A1404 /* Build configuration list for PBXNativeTarget "ThirdWayvChallenge" */ = {
			isa = XCConfigurationList;
			buildConfigurations = (
				1FC93B7C27AF211A003A1404 /* Debug */,
				1FC93B7D27AF211A003A1404 /* Release */,
			);
			defaultConfigurationIsVisible = 0;
			defaultConfigurationName = Release;
		};
/* End XCConfigurationList section */

/* Begin XCVersionGroup section */
		1FC93B7027AF2118003A1404 /* ThirdWayvChallenge.xcdatamodeld */ = {
			isa = XCVersionGroup;
			children = (
				1FC93B7127AF2118003A1404 /* ThirdWayvChallenge.xcdatamodel */,
			);
			currentVersion = 1FC93B7127AF2118003A1404 /* ThirdWayvChallenge.xcdatamodel */;
			path = ThirdWayvChallenge.xcdatamodeld;
			sourceTree = "<group>";
			versionGroupType = wrapper.xcdatamodel;
		};
/* End XCVersionGroup section */
	};
	rootObject = 1FC93B5C27AF2118003A1404 /* Project object */;
}
